
Microsoft Visual Studio Solution File, Format Version 12.00
# Visual Studio Version 16
VisualStudioVersion = 16.0.32407.337
MinimumVisualStudioVersion = 10.0.40219.1
Project("{FAE04EC0-301F-11D3-BF4B-00C04F79EFBC}") = "CstDemo1", "CstDemo1\CstDemo1.csproj", "{3574DF12-40BA-4768-9639-66819CD30E46}"
EndProject
Project("{FAE04EC0-301F-11D3-BF4B-00C04F79EFBC}") = "CstDemo2", "CstDemo2\CstDemo2.csproj", "{7A5F8C4F-3B39-438A-8923-678418BBCDFD}"
EndProject
Global
	GlobalSection(SolutionConfigurationPlatforms) = preSolution
		Debug|Any CPU = Debug|Any CPU
		Release|Any CPU = Release|Any CPU
	EndGlobalSection
	GlobalSection(ProjectConfigurationPlatforms) = postSolution
		{3574DF12-40BA-4768-9639-66819CD30E46}.Debug|Any CPU.ActiveCfg = Debug|Any CPU
		{3574DF12-40BA-4768-9639-66819CD30E46}.Debug|Any CPU.Build.0 = Debug|Any CPU
		{3574DF12-40BA-4768-9639-66819CD30E46}.Release|Any CPU.ActiveCfg = Release|Any CPU
		{3574DF12-40BA-4768-9639-66819CD30E46}.Release|Any CPU.Build.0 = Release|Any CPU
		{7A5F8C4F-3B39-438A-8923-678418BBCDFD}.Debug|Any CPU.ActiveCfg = Debug|Any CPU
		{7A5F8C4F-3B39-438A-8923-678418BBCDFD}.Debug|Any CPU.Build.0 = Debug|Any CPU
		{7A5F8C4F-3B39-438A-8923-678418BBCDFD}.Release|Any CPU.ActiveCfg = Release|Any CPU
		{7A5F8C4F-3B39-438A-8923-678418BBCDFD}.Release|Any CPU.Build.0 = Release|Any CPU
	EndGlobalSection
	GlobalSection(SolutionProperties) = preSolution
		HideSolutionNode = FALSE
	EndGlobalSection
	GlobalSection(ExtensibilityGlobals) = postSolution
		SolutionGuid = {EEDE1CE8-8A91-4384-B479-876EAAD373B6}
	EndGlobalSection
EndGlobal
