
Microsoft Visual Studio Solution File, Format Version 12.00
# Visual Studio Version 16
VisualStudioVersion = 16.0.32407.337
MinimumVisualStudioVersion = 10.0.40219.1
Project("{FAE04EC0-301F-11D3-BF4B-00C04F79EFBC}") = "CstConsoleApp", "CstConsoleApp\CstConsoleApp.csproj", "{D13AEEC6-8A5E-488D-B1FC-89B2EFCB1A97}"
EndProject
Project("{FAE04EC0-301F-11D3-BF4B-00C04F79EFBC}") = "ConsoleApp2", "ConsoleApp2\ConsoleApp2.csproj", "{A3733A55-446E-402B-9471-903B972DFBAD}"
EndProject
Project("{FAE04EC0-301F-11D3-BF4B-00C04F79EFBC}") = "ConsoleFunction", "ConsoleFunction\ConsoleFunction.csproj", "{B006D02C-5D35-45AA-B811-2CA63388562C}"
EndProject
Global
	GlobalSection(SolutionConfigurationPlatforms) = preSolution
		Debug|Any CPU = Debug|Any CPU
		Release|Any CPU = Release|Any CPU
	EndGlobalSection
	GlobalSection(ProjectConfigurationPlatforms) = postSolution
		{D13AEEC6-8A5E-488D-B1FC-89B2EFCB1A97}.Debug|Any CPU.ActiveCfg = Debug|Any CPU
		{D13AEEC6-8A5E-488D-B1FC-89B2EFCB1A97}.Debug|Any CPU.Build.0 = Debug|Any CPU
		{D13AEEC6-8A5E-488D-B1FC-89B2EFCB1A97}.Release|Any CPU.ActiveCfg = Release|Any CPU
		{D13AEEC6-8A5E-488D-B1FC-89B2EFCB1A97}.Release|Any CPU.Build.0 = Release|Any CPU
		{A3733A55-446E-402B-9471-903B972DFBAD}.Debug|Any CPU.ActiveCfg = Debug|Any CPU
		{A3733A55-446E-402B-9471-903B972DFBAD}.Debug|Any CPU.Build.0 = Debug|Any CPU
		{A3733A55-446E-402B-9471-903B972DFBAD}.Release|Any CPU.ActiveCfg = Release|Any CPU
		{A3733A55-446E-402B-9471-903B972DFBAD}.Release|Any CPU.Build.0 = Release|Any CPU
		{B006D02C-5D35-45AA-B811-2CA63388562C}.Debug|Any CPU.ActiveCfg = Debug|Any CPU
		{B006D02C-5D35-45AA-B811-2CA63388562C}.Debug|Any CPU.Build.0 = Debug|Any CPU
		{B006D02C-5D35-45AA-B811-2CA63388562C}.Release|Any CPU.ActiveCfg = Release|Any CPU
		{B006D02C-5D35-45AA-B811-2CA63388562C}.Release|Any CPU.Build.0 = Release|Any CPU
	EndGlobalSection
	GlobalSection(SolutionProperties) = preSolution
		HideSolutionNode = FALSE
	EndGlobalSection
	GlobalSection(ExtensibilityGlobals) = postSolution
		SolutionGuid = {C8D572EE-8C9F-433E-B7C7-651D2A166C61}
	EndGlobalSection
EndGlobal
