
Microsoft Visual Studio Solution File, Format Version 12.00
# Visual Studio Version 16
VisualStudioVersion = 16.0.32407.337
MinimumVisualStudioVersion = 10.0.40219.1
Project("{FAE04EC0-301F-11D3-BF4B-00C04F79EFBC}") = "ConsoleApp1", "ConsoleApp1\ConsoleApp1.csproj", "{03655B34-A5AD-4C60-951E-C56DB4391AB4}"
EndProject
Project("{FAE04EC0-301F-11D3-BF4B-00C04F79EFBC}") = "ConsoleApp2", "ConsoleApp2\ConsoleApp2.csproj", "{FA822F93-D894-44AB-A646-416BBF00F740}"
EndProject
Global
	GlobalSection(SolutionConfigurationPlatforms) = preSolution
		Debug|Any CPU = Debug|Any CPU
		Release|Any CPU = Release|Any CPU
	EndGlobalSection
	GlobalSection(ProjectConfigurationPlatforms) = postSolution
		{03655B34-A5AD-4C60-951E-C56DB4391AB4}.Debug|Any CPU.ActiveCfg = Debug|Any CPU
		{03655B34-A5AD-4C60-951E-C56DB4391AB4}.Debug|Any CPU.Build.0 = Debug|Any CPU
		{03655B34-A5AD-4C60-951E-C56DB4391AB4}.Release|Any CPU.ActiveCfg = Release|Any CPU
		{03655B34-A5AD-4C60-951E-C56DB4391AB4}.Release|Any CPU.Build.0 = Release|Any CPU
		{FA822F93-D894-44AB-A646-416BBF00F740}.Debug|Any CPU.ActiveCfg = Debug|Any CPU
		{FA822F93-D894-44AB-A646-416BBF00F740}.Debug|Any CPU.Build.0 = Debug|Any CPU
		{FA822F93-D894-44AB-A646-416BBF00F740}.Release|Any CPU.ActiveCfg = Release|Any CPU
		{FA822F93-D894-44AB-A646-416BBF00F740}.Release|Any CPU.Build.0 = Release|Any CPU
	EndGlobalSection
	GlobalSection(SolutionProperties) = preSolution
		HideSolutionNode = FALSE
	EndGlobalSection
	GlobalSection(ExtensibilityGlobals) = postSolution
		SolutionGuid = {C78145B6-25DF-43A3-BD53-4EFEEF17D703}
	EndGlobalSection
EndGlobal
