
Microsoft Visual Studio Solution File, Format Version 12.00
# Visual Studio Version 16
VisualStudioVersion = 16.0.32407.337
MinimumVisualStudioVersion = 10.0.40219.1
Project("{FAE04EC0-301F-11D3-BF4B-00C04F79EFBC}") = "CstDemo1", "CstDemo1\CstDemo1.csproj", "{31DC1581-3D3C-4DAA-BAE2-C6ECB2B780C7}"
EndProject
Project("{FAE04EC0-301F-11D3-BF4B-00C04F79EFBC}") = "CstDemo2", "CstDemo2\CstDemo2.csproj", "{929A7D96-78CF-474F-9F21-A14280A12D1D}"
EndProject
Project("{FAE04EC0-301F-11D3-BF4B-00C04F79EFBC}") = "Cstdemo3", "Cstdemo3\Cstdemo3.csproj", "{155824F3-824B-4B0B-9BF2-0763B8CB5EA8}"
EndProject
Project("{FAE04EC0-301F-11D3-BF4B-00C04F79EFBC}") = "Cstdemo4", "Cstdemo4\Cstdemo4.csproj", "{AE1FED80-F086-417A-9DC3-42A4AE196E41}"
EndProject
Project("{FAE04EC0-301F-11D3-BF4B-00C04F79EFBC}") = "CstDemo5", "CstDemo5\CstDemo5.csproj", "{001D46D2-A3C8-43B5-88C5-519AD1C20BD9}"
EndProject
Global
	GlobalSection(SolutionConfigurationPlatforms) = preSolution
		Debug|Any CPU = Debug|Any CPU
		Release|Any CPU = Release|Any CPU
	EndGlobalSection
	GlobalSection(ProjectConfigurationPlatforms) = postSolution
		{31DC1581-3D3C-4DAA-BAE2-C6ECB2B780C7}.Debug|Any CPU.ActiveCfg = Debug|Any CPU
		{31DC1581-3D3C-4DAA-BAE2-C6ECB2B780C7}.Debug|Any CPU.Build.0 = Debug|Any CPU
		{31DC1581-3D3C-4DAA-BAE2-C6ECB2B780C7}.Release|Any CPU.ActiveCfg = Release|Any CPU
		{31DC1581-3D3C-4DAA-BAE2-C6ECB2B780C7}.Release|Any CPU.Build.0 = Release|Any CPU
		{929A7D96-78CF-474F-9F21-A14280A12D1D}.Debug|Any CPU.ActiveCfg = Debug|Any CPU
		{929A7D96-78CF-474F-9F21-A14280A12D1D}.Debug|Any CPU.Build.0 = Debug|Any CPU
		{929A7D96-78CF-474F-9F21-A14280A12D1D}.Release|Any CPU.ActiveCfg = Release|Any CPU
		{929A7D96-78CF-474F-9F21-A14280A12D1D}.Release|Any CPU.Build.0 = Release|Any CPU
		{155824F3-824B-4B0B-9BF2-0763B8CB5EA8}.Debug|Any CPU.ActiveCfg = Debug|Any CPU
		{155824F3-824B-4B0B-9BF2-0763B8CB5EA8}.Debug|Any CPU.Build.0 = Debug|Any CPU
		{155824F3-824B-4B0B-9BF2-0763B8CB5EA8}.Release|Any CPU.ActiveCfg = Release|Any CPU
		{155824F3-824B-4B0B-9BF2-0763B8CB5EA8}.Release|Any CPU.Build.0 = Release|Any CPU
		{AE1FED80-F086-417A-9DC3-42A4AE196E41}.Debug|Any CPU.ActiveCfg = Debug|Any CPU
		{AE1FED80-F086-417A-9DC3-42A4AE196E41}.Debug|Any CPU.Build.0 = Debug|Any CPU
		{AE1FED80-F086-417A-9DC3-42A4AE196E41}.Release|Any CPU.ActiveCfg = Release|Any CPU
		{AE1FED80-F086-417A-9DC3-42A4AE196E41}.Release|Any CPU.Build.0 = Release|Any CPU
		{001D46D2-A3C8-43B5-88C5-519AD1C20BD9}.Debug|Any CPU.ActiveCfg = Debug|Any CPU
		{001D46D2-A3C8-43B5-88C5-519AD1C20BD9}.Debug|Any CPU.Build.0 = Debug|Any CPU
		{001D46D2-A3C8-43B5-88C5-519AD1C20BD9}.Release|Any CPU.ActiveCfg = Release|Any CPU
		{001D46D2-A3C8-43B5-88C5-519AD1C20BD9}.Release|Any CPU.Build.0 = Release|Any CPU
	EndGlobalSection
	GlobalSection(SolutionProperties) = preSolution
		HideSolutionNode = FALSE
	EndGlobalSection
	GlobalSection(ExtensibilityGlobals) = postSolution
		SolutionGuid = {E1CFAAFA-BA64-4279-A891-2AC78FED4E99}
	EndGlobalSection
EndGlobal
